# THIS IS AN AUTOGENERATED FILE. DO NOT EDIT THIS FILE DIRECTLY.
# yarn lockfile v1


"@types/joi@14.3.1":
  version "14.3.1"
  resolved "https://registry.yarnpkg.com/@types/joi/-/joi-14.3.1.tgz#1bc31b60a928da30cc206b1b4f88e13a48bffc79"
  integrity sha512-1kAPyOBvPPQoWOV4b1qT2SRJrQbYY9kz6h5DV8fNgSW0+/Ma+aDLQDACISC1M982uWwjAgsMEVXdalA/+IhvaA==

husky@^7.0.1:
  version "7.0.1"
  resolved "https://registry.yarnpkg.com/husky/-/husky-7.0.1.tgz#579f4180b5da4520263e8713cc832942b48e1f1c"
  integrity sha512-gceRaITVZ+cJH9sNHqx5tFwbzlLCVxtVZcusME8JYQ8Edy5mpGDOqD8QBCdMhpyo9a+JXddnujQ4rpY2Ff9SJA==
